lockVersion: 2.0.0
id: b4c3dd71-8620-4517-bfe8-b654740a3b87
management:
  docChecksum: 8f103990e3594ae85022ff254c8b817a
  docVersion: "5.0"
  speakeasyVersion: internal
  generationVersion: 2.262.2
  releaseVersion: 0.6.2
  configChecksum: f7c4188718f9c89e313d46083001153d
  repoURL: https://github.com/speakeasy-sdks/nordtest.git
  repoSubDirectory: .
  published: true
features:
  csharp:
    core: 3.3.2
    globalSecurity: 2.83.1
    globalServerURLs: 2.82.2
generatedFiles:
  - Accounts/CustomerAccounts.cs
  - Accounts/AccountsSDK.cs
  - Accounts/Utils/BigIntSerializer.cs
  - Accounts/Utils/DecimalSerializer.cs
  - Accounts/Utils/EnumSerializer.cs
  - Accounts/Utils/FlexibleObjectDeserializer.cs
  - Accounts/Utils/HeaderSerializer.cs
  - Accounts/Utils/IsoDateTimeSerializer.cs
  - Accounts/Utils/RequestBodySerializer.cs
  - Accounts/Utils/SecuritySerializer.cs
  - Accounts/Utils/SpeakeasyHttpClient.cs
  - Accounts/Utils/SpeakeasyMetadata.cs
  - Accounts/Utils/URLBuilder.cs
  - Accounts/Utils/Utilities.cs
  - Accounts/Accounts.csproj
  - Accounts.sln
  - Accounts/Models/Operations/AccountDetailsUsingGETRequest.cs
  - Accounts/Models/Operations/AccountDetailsUsingGETResponse.cs
  - Accounts/Models/Operations/AccountListUsingGETRequest.cs
  - Accounts/Models/Operations/AccountListUsingGETResponse.cs
  - Accounts/Models/Operations/ConvertV4AccountIdToV5UsingGETRequest.cs
  - Accounts/Models/Operations/ConvertV4AccountIdToV5UsingGETResponse.cs
  - Accounts/Models/Operations/ConvertV5AccountIdToV4UsingGETRequest.cs
  - Accounts/Models/Operations/ConvertV5AccountIdToV4UsingGETResponse.cs
  - Accounts/Models/Operations/TransactionListUsingGETRequest.cs
  - Accounts/Models/Operations/TransactionListUsingGETResponse.cs
  - Accounts/Models/Shared/ErrorResponse.cs
  - Accounts/Models/Shared/ResponseHeader.cs
  - Accounts/Models/Shared/Pagination.cs
  - Accounts/Models/Shared/ErrorPayload.cs
  - Accounts/Models/Shared/RequestEcho.cs
  - Accounts/Models/Shared/Failure.cs
  - Accounts/Models/Shared/AccountDetailsResponse.cs
  - Accounts/Models/Shared/AccountType.cs
  - Accounts/Models/Shared/Country.cs
  - Accounts/Models/Shared/Status.cs
  - Accounts/Models/Shared/AccountDetails.cs
  - Accounts/Models/Shared/Bic.cs
  - Accounts/Models/Shared/BankInfoCountry.cs
  - Accounts/Models/Shared/BankInfo.cs
  - Accounts/Models/Shared/Type.cs
  - Accounts/Models/Shared/AccountNumber.cs
  - Accounts/Models/Shared/Link.cs
  - Accounts/Models/Shared/AccountListResponse.cs
  - Accounts/Models/Shared/AccountList.cs
  - Accounts/Models/Shared/IdV4toV5Response.cs
  - Accounts/Models/Shared/IdV4toV5.cs
  - Accounts/Models/Shared/IdV5toV4Response.cs
  - Accounts/Models/Shared/IdV5toV4.cs
  - Accounts/Models/Shared/TransactionListResponse.cs
  - Accounts/Models/Shared/TransactionList.cs
  - Accounts/Models/Shared/TransactionStatus.cs
  - Accounts/Models/Shared/Transaction.cs
  - Accounts/Models/Shared/Security.cs
  - docs/Models/Operations/AccountDetailsUsingGETRequest.md
  - docs/Models/Operations/AccountDetailsUsingGETResponse.md
  - docs/Models/Operations/AccountListUsingGETRequest.md
  - docs/Models/Operations/AccountListUsingGETResponse.md
  - docs/Models/Operations/ConvertV4AccountIdToV5UsingGETRequest.md
  - docs/Models/Operations/ConvertV4AccountIdToV5UsingGETResponse.md
  - docs/Models/Operations/ConvertV5AccountIdToV4UsingGETRequest.md
  - docs/Models/Operations/ConvertV5AccountIdToV4UsingGETResponse.md
  - docs/Models/Operations/TransactionListUsingGETRequest.md
  - docs/Models/Operations/TransactionListUsingGETResponse.md
  - docs/Models/Shared/ErrorResponse.md
  - docs/Models/Shared/ResponseHeader.md
  - docs/Models/Shared/Pagination.md
  - docs/Models/Shared/ErrorPayload.md
  - docs/Models/Shared/RequestEcho.md
  - docs/Models/Shared/Failure.md
  - docs/Models/Shared/AccountDetailsResponse.md
  - docs/Models/Shared/AccountType.md
  - docs/Models/Shared/Country.md
  - docs/Models/Shared/Status.md
  - docs/Models/Shared/AccountDetails.md
  - docs/Models/Shared/Bic.md
  - docs/Models/Shared/BankInfoCountry.md
  - docs/Models/Shared/BankInfo.md
  - docs/Models/Shared/Type.md
  - docs/Models/Shared/AccountNumber.md
  - docs/Models/Shared/Link.md
  - docs/Models/Shared/AccountListResponse.md
  - docs/Models/Shared/AccountList.md
  - docs/Models/Shared/IdV4toV5Response.md
  - docs/Models/Shared/IdV4toV5.md
  - docs/Models/Shared/IdV5toV4Response.md
  - docs/Models/Shared/IdV5toV4.md
  - docs/Models/Shared/TransactionListResponse.md
  - docs/Models/Shared/TransactionList.md
  - docs/Models/Shared/TransactionStatus.md
  - docs/Models/Shared/Transaction.md
  - docs/Models/Shared/Security.md
  - docs/sdks/accounts/README.md
  - docs/sdks/customeraccounts/README.md
  - USAGE.md
  - .gitattributes
